<?xml version="1.0" encoding="utf-8"?>
<Project ToolsVersion="4.0" xmlns="http://schemas.microsoft.com/developer/msbuild/2003">
  <ItemGroup>
    <Filter Include="Source Files">
      <UniqueIdentifier>{4FC737F1-C7A5-4376-A066-2A32D752A2FF}</UniqueIdentifier>
      <Extensions>cpp;c;cc;cxx;def;odl;idl;hpj;bat;asm;asmx</Extensions>
    </Filter>
    <Filter Include="Header Files">
      <UniqueIdentifier>{93995380-89BD-4b04-88EB-625FBE52EBFB}</UniqueIdentifier>
      <Extensions>h;hpp;hxx;hm;inl;inc;xsd</Extensions>
    </Filter>
    <Filter Include="Resource Files">
      <UniqueIdentifier>{67DA6AB6-F800-4c08-8B7A-83BB121AAD01}</UniqueIdentifier>
      <Extensions>rc;ico;cur;bmp;dlg;rc2;rct;bin;rgs;gif;jpg;jpeg;jpe;resx;tiff;tif;png;wav</Extensions>
    </Filter>
  </ItemGroup>
  <ItemGroup>
    <ClCompile Include="src\win\common\config.cpp">
      <Filter>Source Files</Filter>
    </ClCompile>
    <ClCompile Include="src\win\common\serial.cpp">
      <Filter>Source Files</Filter>
    </ClCompile>
    <ClCompile Include="src\win\common\external\Serial\WinSerial.cpp">
      <Filter>Source Files</Filter>
    </ClCompile>
    <ClCompile Include="src\win\common\external\SimpleINI\ConvertUTF.c">
      <Filter>Source Files</Filter>
    </ClCompile>
    <ClCompile Include="src\win\common\external\Socket\WinSocket.cpp">
      <Filter>Source Files</Filter>
    </ClCompile>
    <ClCompile Include="src\heading\common.c">
      <Filter>Source Files</Filter>
    </ClCompile>
    <ClCompile Include="src\heading\razor.c">
      <Filter>Source Files</Filter>
    </ClCompile>
    <ClCompile Include="src\heading\razor_math.c">
      <Filter>Source Files</Filter>
    </ClCompile>
    <ClCompile Include="src\win\board_speed_check\main.cpp">
      <Filter>Source Files</Filter>
    </ClCompile>
    <ClCompile Include="src\win\common\external\GetTimeMs.cpp">
      <Filter>Source Files</Filter>
    </ClCompile>
  </ItemGroup>
  <ItemGroup>
    <ClInclude Include="src\win\common\config.h">
      <Filter>Header Files</Filter>
    </ClInclude>
    <ClInclude Include="src\win\common\serial.h">
      <Filter>Header Files</Filter>
    </ClInclude>
    <ClInclude Include="src\win\common\external\Serial\WinSerial.h">
      <Filter>Header Files</Filter>
    </ClInclude>
    <ClInclude Include="src\win\common\external\SimpleINI\ConvertUTF.h">
      <Filter>Header Files</Filter>
    </ClInclude>
    <ClInclude Include="src\win\common\external\SimpleINI\SimpleIni.h">
      <Filter>Header Files</Filter>
    </ClInclude>
    <ClInclude Include="src\win\common\external\Socket\WinSocket.h">
      <Filter>Header Files</Filter>
    </ClInclude>
    <ClInclude Include="src\heading\common.h">
      <Filter>Header Files</Filter>
    </ClInclude>
    <ClInclude Include="src\heading\razor.h">
      <Filter>Header Files</Filter>
    </ClInclude>
    <ClInclude Include="src\heading\razor_math.h">
      <Filter>Header Files</Filter>
    </ClInclude>
    <ClInclude Include="src\win\common\external\GetTimeMs.h">
      <Filter>Header Files</Filter>
    </ClInclude>
  </ItemGroup>
</Project>